
Microsoft Visual Studio Solution File, Format Version 12.00
# Visual Studio Version 17
VisualStudioVersion = 17.0.32112.339
MinimumVisualStudioVersion = 10.0.40219.1
Project("{FAE04EC0-301F-11D3-BF4B-00C04F79EFBC}") = "LinQ", "LinQ\LinQ.csproj", "{10D1AD03-EBEB-4709-955A-E85ABCBDE9FB}"
EndProject
Global
	GlobalSection(SolutionConfigurationPlatforms) = preSolution
		Debug|Any CPU = Debug|Any CPU
		Release|Any CPU = Release|Any CPU
	EndGlobalSection
	GlobalSection(ProjectConfigurationPlatforms) = postSolution
		{10D1AD03-EBEB-4709-955A-E85ABCBDE9FB}.Debug|Any CPU.ActiveCfg = Debug|Any CPU
		{10D1AD03-EBEB-4709-955A-E85ABCBDE9FB}.Debug|Any CPU.Build.0 = Debug|Any CPU
		{10D1AD03-EBEB-4709-955A-E85ABCBDE9FB}.Release|Any CPU.ActiveCfg = Release|Any CPU
		{10D1AD03-EBEB-4709-955A-E85ABCBDE9FB}.Release|Any CPU.Build.0 = Release|Any CPU
	EndGlobalSection
	GlobalSection(SolutionProperties) = preSolution
		HideSolutionNode = FALSE
	EndGlobalSection
	GlobalSection(ExtensibilityGlobals) = postSolution
		SolutionGuid = {6F125B4C-419E-4DE0-8520-ADB6B7AD9012}
	EndGlobalSection
EndGlobal
